
Microsoft Visual Studio Solution File, Format Version 12.00
# Visual Studio 15
VisualStudioVersion = 15.0.27130.2026
MinimumVisualStudioVersion = 10.0.40219.1
Project("{8BC9CEB8-8B4A-11D0-8D11-00A0C91BC942}") = "数値実験による熱伝導解析_クラス式", "数値実験による熱伝導解析_クラス式\数値実験による熱伝導解析_クラス式.vcxproj", "{2EDA60CF-12A5-4E71-8421-6D518F8C7FC0}"
EndProject
Global
	GlobalSection(SolutionConfigurationPlatforms) = preSolution
		Debug|x64 = Debug|x64
		Debug|x86 = Debug|x86
		Release|x64 = Release|x64
		Release|x86 = Release|x86
	EndGlobalSection
	GlobalSection(ProjectConfigurationPlatforms) = postSolution
		{2EDA60CF-12A5-4E71-8421-6D518F8C7FC0}.Debug|x64.ActiveCfg = Debug|x64
		{2EDA60CF-12A5-4E71-8421-6D518F8C7FC0}.Debug|x64.Build.0 = Debug|x64
		{2EDA60CF-12A5-4E71-8421-6D518F8C7FC0}.Debug|x86.ActiveCfg = Debug|Win32
		{2EDA60CF-12A5-4E71-8421-6D518F8C7FC0}.Debug|x86.Build.0 = Debug|Win32
		{2EDA60CF-12A5-4E71-8421-6D518F8C7FC0}.Release|x64.ActiveCfg = Release|x64
		{2EDA60CF-12A5-4E71-8421-6D518F8C7FC0}.Release|x64.Build.0 = Release|x64
		{2EDA60CF-12A5-4E71-8421-6D518F8C7FC0}.Release|x86.ActiveCfg = Release|Win32
		{2EDA60CF-12A5-4E71-8421-6D518F8C7FC0}.Release|x86.Build.0 = Release|Win32
	EndGlobalSection
	GlobalSection(SolutionProperties) = preSolution
		HideSolutionNode = FALSE
	EndGlobalSection
	GlobalSection(ExtensibilityGlobals) = postSolution
		SolutionGuid = {7FB72C3B-3398-4279-8F47-6236B790BB0C}
	EndGlobalSection
EndGlobal
