
Microsoft Visual Studio Solution File, Format Version 12.00
# Visual Studio 15
VisualStudioVersion = 15.0.27004.2009
MinimumVisualStudioVersion = 10.0.40219.1
Project("{8BC9CEB8-8B4A-11D0-8D11-00A0C91BC942}") = "一次拡散方程式（一次熱拡散方程式）", "一次拡散方程式（一次熱拡散方程式）\一次拡散方程式（一次熱拡散方程式）.vcxproj", "{2E4087C5-7654-4C09-9B0E-05C1DFAC7CDF}"
EndProject
Global
	GlobalSection(SolutionConfigurationPlatforms) = preSolution
		Debug|x64 = Debug|x64
		Debug|x86 = Debug|x86
		Release|x64 = Release|x64
		Release|x86 = Release|x86
	EndGlobalSection
	GlobalSection(ProjectConfigurationPlatforms) = postSolution
		{2E4087C5-7654-4C09-9B0E-05C1DFAC7CDF}.Debug|x64.ActiveCfg = Debug|x64
		{2E4087C5-7654-4C09-9B0E-05C1DFAC7CDF}.Debug|x64.Build.0 = Debug|x64
		{2E4087C5-7654-4C09-9B0E-05C1DFAC7CDF}.Debug|x86.ActiveCfg = Debug|Win32
		{2E4087C5-7654-4C09-9B0E-05C1DFAC7CDF}.Debug|x86.Build.0 = Debug|Win32
		{2E4087C5-7654-4C09-9B0E-05C1DFAC7CDF}.Release|x64.ActiveCfg = Release|x64
		{2E4087C5-7654-4C09-9B0E-05C1DFAC7CDF}.Release|x64.Build.0 = Release|x64
		{2E4087C5-7654-4C09-9B0E-05C1DFAC7CDF}.Release|x86.ActiveCfg = Release|Win32
		{2E4087C5-7654-4C09-9B0E-05C1DFAC7CDF}.Release|x86.Build.0 = Release|Win32
	EndGlobalSection
	GlobalSection(SolutionProperties) = preSolution
		HideSolutionNode = FALSE
	EndGlobalSection
	GlobalSection(ExtensibilityGlobals) = postSolution
		SolutionGuid = {080F0B64-43A6-4A42-9E10-3C4609461B0D}
	EndGlobalSection
EndGlobal
